
Microsoft Visual Studio Solution File, Format Version 12.00
# Visual Studio Version 17
VisualStudioVersion = 17.7.34221.43
MinimumVisualStudioVersion = 10.0.40219.1
Project("{FAE04EC0-301F-11D3-BF4B-00C04F79EFBC}") = "Gestion de empresa", "Sistema de gestios de empresa\Gestion de empresa.csproj", "{E6A30BB3-DDF5-44B8-8EC1-6141FE6F7B2D}"
EndProject
Global
	GlobalSection(SolutionConfigurationPlatforms) = preSolution
		Debug|Any CPU = Debug|Any CPU
		Release|Any CPU = Release|Any CPU
	EndGlobalSection
	GlobalSection(ProjectConfigurationPlatforms) = postSolution
		{E6A30BB3-DDF5-44B8-8EC1-6141FE6F7B2D}.Debug|Any CPU.ActiveCfg = Debug|Any CPU
		{E6A30BB3-DDF5-44B8-8EC1-6141FE6F7B2D}.Debug|Any CPU.Build.0 = Debug|Any CPU
		{E6A30BB3-DDF5-44B8-8EC1-6141FE6F7B2D}.Release|Any CPU.ActiveCfg = Release|Any CPU
		{E6A30BB3-DDF5-44B8-8EC1-6141FE6F7B2D}.Release|Any CPU.Build.0 = Release|Any CPU
	EndGlobalSection
	GlobalSection(SolutionProperties) = preSolution
		HideSolutionNode = FALSE
	EndGlobalSection
	GlobalSection(ExtensibilityGlobals) = postSolution
		SolutionGuid = {279D3240-600A-4FB0-9855-A21DFC32AB62}
	EndGlobalSection
EndGlobal
